
Microsoft Visual Studio Solution File, Format Version 12.00
# Visual Studio Version 17
VisualStudioVersion = 17.0.31808.319
MinimumVisualStudioVersion = 10.0.40219.1
Project("{2150E333-8FDC-42A3-9474-1A3956D46DE8}") = "src", "src", "{DB6FD3CC-2392-4383-A768-778E9AA19E22}"
EndProject
Project("{2150E333-8FDC-42A3-9474-1A3956D46DE8}") = "Infraestructure", "Infraestructure", "{079B9A83-8AB7-4757-9404-CF611B512FC0}"
EndProject
Project("{2150E333-8FDC-42A3-9474-1A3956D46DE8}") = "Application", "Application", "{2DD579F7-72E4-460F-9B0D-079EB6E5AE56}"
EndProject
Project("{2150E333-8FDC-42A3-9474-1A3956D46DE8}") = "test", "test", "{734673B8-6C4B-4489-AD52-268BEE2DDC04}"
EndProject
Project("{9A19103F-16F7-4668-BE54-9A1E7A4F7556}") = "Shared", "src\Shared\Shared.csproj", "{F3E53F79-AE26-42F9-AB12-66FA4706AAD9}"
EndProject
Project("{9A19103F-16F7-4668-BE54-9A1E7A4F7556}") = "Infraestructure.DatabaseConfig", "src\Infraestructure.Database\Infraestructure.DatabaseConfig.csproj", "{D3E06A2A-50EC-4D32-A49E-80CBB9BD9D7E}"
EndProject
Project("{9A19103F-16F7-4668-BE54-9A1E7A4F7556}") = "Domain", "src\Domain\Domain.csproj", "{B3080AFF-365E-439D-97BA-8A3E92B3F872}"
EndProject
Project("{9A19103F-16F7-4668-BE54-9A1E7A4F7556}") = "Application.Core", "src\Application.Core\Application.Core.csproj", "{DD7F484E-7233-40A0-BBFA-F9BBF7BABC79}"
EndProject
Project("{2150E333-8FDC-42A3-9474-1A3956D46DE8}") = "Interfaces", "Interfaces", "{C425E959-8C95-47D6-8208-1AC6373E57ED}"
EndProject
Project("{2150E333-8FDC-42A3-9474-1A3956D46DE8}") = "Core", "Core", "{7E39FF95-A340-4FD1-BBF9-F7387455F055}"
EndProject
Project("{9A19103F-16F7-4668-BE54-9A1E7A4F7556}") = "Application.Interfaces", "src\Application.Interfaces\Application.Interfaces.csproj", "{2B75047B-1AFC-47DE-8B31-F1CF8AEC6E05}"
EndProject
Project("{2150E333-8FDC-42A3-9474-1A3956D46DE8}") = "Solution Items", "Solution Items", "{F3BA576E-D51A-491E-ABB3-F7AADF75573A}"
	ProjectSection(SolutionItems) = preProject
		.editorconfig = .editorconfig
		docker-compose.yml = docker-compose.yml
	EndProjectSection
EndProject
Project("{2150E333-8FDC-42A3-9474-1A3956D46DE8}") = "API", "API", "{929F585A-92B2-438D-A219-2D95BA5CCA55}"
EndProject
Project("{2150E333-8FDC-42A3-9474-1A3956D46DE8}") = "Presentation", "Presentation", "{5CC9B2D3-D43D-4A5F-BD96-9CED1876F6ED}"
EndProject
Project("{9A19103F-16F7-4668-BE54-9A1E7A4F7556}") = "Presentation.BlazorApp", "src\Presentation.BlazorApp\Presentation.BlazorApp.csproj", "{5D794974-814A-4446-B7D1-9F2129729BD2}"
EndProject
Project("{2150E333-8FDC-42A3-9474-1A3956D46DE8}") = "Repositories", "Repositories", "{A0453184-E060-4CC8-91DB-A1AEFAAC8A06}"
EndProject
Project("{9A19103F-16F7-4668-BE54-9A1E7A4F7556}") = "TestUnitarios", "test\TestUnitarios\TestUnitarios.csproj", "{8A890C24-5F18-4844-BC49-A584795E70A9}"
EndProject
Project("{9A19103F-16F7-4668-BE54-9A1E7A4F7556}") = "TestIntegracion", "test\TestIntegracion\TestIntegracion.csproj", "{82BAAB86-3122-4473-93D0-FF4E32E8F51B}"
EndProject
Project("{9A19103F-16F7-4668-BE54-9A1E7A4F7556}") = "Infraestructure.MySqlEntityFramework", "src\Infraestructure.MySqlEntityFramework\Infraestructure.MySqlEntityFramework.csproj", "{6769E8C1-6D63-42DD-A1C4-1D77A3B7970D}"
EndProject
Project("{9A19103F-16F7-4668-BE54-9A1E7A4F7556}") = "HostWebApi", "src\HostWebApi\HostWebApi.csproj", "{50AFDF73-735C-48DD-B197-415C0B9992FA}"
EndProject
Project("{FAE04EC0-301F-11D3-BF4B-00C04F79EFBC}") = "Api", "src\Api\Api.csproj", "{C2B0E14E-4547-4A6F-87EC-27F1F97188FF}"
EndProject
Project("{FAE04EC0-301F-11D3-BF4B-00C04F79EFBC}") = "Wpf", "Wpf\Wpf.csproj", "{F6839200-44FF-48F9-AF0F-0A2AA64B9116}"
EndProject
Global
	GlobalSection(SolutionConfigurationPlatforms) = preSolution
		Debug|Any CPU = Debug|Any CPU
		Release|Any CPU = Release|Any CPU
	EndGlobalSection
	GlobalSection(ProjectConfigurationPlatforms) = postSolution
		{F3E53F79-AE26-42F9-AB12-66FA4706AAD9}.Debug|Any CPU.ActiveCfg = Debug|Any CPU
		{F3E53F79-AE26-42F9-AB12-66FA4706AAD9}.Debug|Any CPU.Build.0 = Debug|Any CPU
		{F3E53F79-AE26-42F9-AB12-66FA4706AAD9}.Release|Any CPU.ActiveCfg = Release|Any CPU
		{F3E53F79-AE26-42F9-AB12-66FA4706AAD9}.Release|Any CPU.Build.0 = Release|Any CPU
		{D3E06A2A-50EC-4D32-A49E-80CBB9BD9D7E}.Debug|Any CPU.ActiveCfg = Debug|Any CPU
		{D3E06A2A-50EC-4D32-A49E-80CBB9BD9D7E}.Debug|Any CPU.Build.0 = Debug|Any CPU
		{D3E06A2A-50EC-4D32-A49E-80CBB9BD9D7E}.Release|Any CPU.ActiveCfg = Release|Any CPU
		{D3E06A2A-50EC-4D32-A49E-80CBB9BD9D7E}.Release|Any CPU.Build.0 = Release|Any CPU
		{B3080AFF-365E-439D-97BA-8A3E92B3F872}.Debug|Any CPU.ActiveCfg = Debug|Any CPU
		{B3080AFF-365E-439D-97BA-8A3E92B3F872}.Debug|Any CPU.Build.0 = Debug|Any CPU
		{B3080AFF-365E-439D-97BA-8A3E92B3F872}.Release|Any CPU.ActiveCfg = Release|Any CPU
		{B3080AFF-365E-439D-97BA-8A3E92B3F872}.Release|Any CPU.Build.0 = Release|Any CPU
		{DD7F484E-7233-40A0-BBFA-F9BBF7BABC79}.Debug|Any CPU.ActiveCfg = Debug|Any CPU
		{DD7F484E-7233-40A0-BBFA-F9BBF7BABC79}.Debug|Any CPU.Build.0 = Debug|Any CPU
		{DD7F484E-7233-40A0-BBFA-F9BBF7BABC79}.Release|Any CPU.ActiveCfg = Release|Any CPU
		{DD7F484E-7233-40A0-BBFA-F9BBF7BABC79}.Release|Any CPU.Build.0 = Release|Any CPU
		{2B75047B-1AFC-47DE-8B31-F1CF8AEC6E05}.Debug|Any CPU.ActiveCfg = Debug|Any CPU
		{2B75047B-1AFC-47DE-8B31-F1CF8AEC6E05}.Debug|Any CPU.Build.0 = Debug|Any CPU
		{2B75047B-1AFC-47DE-8B31-F1CF8AEC6E05}.Release|Any CPU.ActiveCfg = Release|Any CPU
		{2B75047B-1AFC-47DE-8B31-F1CF8AEC6E05}.Release|Any CPU.Build.0 = Release|Any CPU
		{5D794974-814A-4446-B7D1-9F2129729BD2}.Debug|Any CPU.ActiveCfg = Debug|Any CPU
		{5D794974-814A-4446-B7D1-9F2129729BD2}.Debug|Any CPU.Build.0 = Debug|Any CPU
		{5D794974-814A-4446-B7D1-9F2129729BD2}.Release|Any CPU.ActiveCfg = Release|Any CPU
		{5D794974-814A-4446-B7D1-9F2129729BD2}.Release|Any CPU.Build.0 = Release|Any CPU
		{8A890C24-5F18-4844-BC49-A584795E70A9}.Debug|Any CPU.ActiveCfg = Debug|Any CPU
		{8A890C24-5F18-4844-BC49-A584795E70A9}.Debug|Any CPU.Build.0 = Debug|Any CPU
		{8A890C24-5F18-4844-BC49-A584795E70A9}.Release|Any CPU.ActiveCfg = Release|Any CPU
		{8A890C24-5F18-4844-BC49-A584795E70A9}.Release|Any CPU.Build.0 = Release|Any CPU
		{82BAAB86-3122-4473-93D0-FF4E32E8F51B}.Debug|Any CPU.ActiveCfg = Debug|Any CPU
		{82BAAB86-3122-4473-93D0-FF4E32E8F51B}.Debug|Any CPU.Build.0 = Debug|Any CPU
		{82BAAB86-3122-4473-93D0-FF4E32E8F51B}.Release|Any CPU.ActiveCfg = Release|Any CPU
		{82BAAB86-3122-4473-93D0-FF4E32E8F51B}.Release|Any CPU.Build.0 = Release|Any CPU
		{6769E8C1-6D63-42DD-A1C4-1D77A3B7970D}.Debug|Any CPU.ActiveCfg = Debug|Any CPU
		{6769E8C1-6D63-42DD-A1C4-1D77A3B7970D}.Debug|Any CPU.Build.0 = Debug|Any CPU
		{6769E8C1-6D63-42DD-A1C4-1D77A3B7970D}.Release|Any CPU.ActiveCfg = Release|Any CPU
		{6769E8C1-6D63-42DD-A1C4-1D77A3B7970D}.Release|Any CPU.Build.0 = Release|Any CPU
		{50AFDF73-735C-48DD-B197-415C0B9992FA}.Debug|Any CPU.ActiveCfg = Debug|Any CPU
		{50AFDF73-735C-48DD-B197-415C0B9992FA}.Debug|Any CPU.Build.0 = Debug|Any CPU
		{50AFDF73-735C-48DD-B197-415C0B9992FA}.Release|Any CPU.ActiveCfg = Release|Any CPU
		{50AFDF73-735C-48DD-B197-415C0B9992FA}.Release|Any CPU.Build.0 = Release|Any CPU
		{C2B0E14E-4547-4A6F-87EC-27F1F97188FF}.Debug|Any CPU.ActiveCfg = Debug|Any CPU
		{C2B0E14E-4547-4A6F-87EC-27F1F97188FF}.Debug|Any CPU.Build.0 = Debug|Any CPU
		{C2B0E14E-4547-4A6F-87EC-27F1F97188FF}.Release|Any CPU.ActiveCfg = Release|Any CPU
		{C2B0E14E-4547-4A6F-87EC-27F1F97188FF}.Release|Any CPU.Build.0 = Release|Any CPU
		{F6839200-44FF-48F9-AF0F-0A2AA64B9116}.Debug|Any CPU.ActiveCfg = Debug|Any CPU
		{F6839200-44FF-48F9-AF0F-0A2AA64B9116}.Debug|Any CPU.Build.0 = Debug|Any CPU
		{F6839200-44FF-48F9-AF0F-0A2AA64B9116}.Release|Any CPU.ActiveCfg = Release|Any CPU
		{F6839200-44FF-48F9-AF0F-0A2AA64B9116}.Release|Any CPU.Build.0 = Release|Any CPU
	EndGlobalSection
	GlobalSection(SolutionProperties) = preSolution
		HideSolutionNode = FALSE
	EndGlobalSection
	GlobalSection(NestedProjects) = preSolution
		{079B9A83-8AB7-4757-9404-CF611B512FC0} = {DB6FD3CC-2392-4383-A768-778E9AA19E22}
		{2DD579F7-72E4-460F-9B0D-079EB6E5AE56} = {DB6FD3CC-2392-4383-A768-778E9AA19E22}
		{F3E53F79-AE26-42F9-AB12-66FA4706AAD9} = {DB6FD3CC-2392-4383-A768-778E9AA19E22}
		{D3E06A2A-50EC-4D32-A49E-80CBB9BD9D7E} = {079B9A83-8AB7-4757-9404-CF611B512FC0}
		{B3080AFF-365E-439D-97BA-8A3E92B3F872} = {2DD579F7-72E4-460F-9B0D-079EB6E5AE56}
		{DD7F484E-7233-40A0-BBFA-F9BBF7BABC79} = {7E39FF95-A340-4FD1-BBF9-F7387455F055}
		{C425E959-8C95-47D6-8208-1AC6373E57ED} = {2DD579F7-72E4-460F-9B0D-079EB6E5AE56}
		{7E39FF95-A340-4FD1-BBF9-F7387455F055} = {2DD579F7-72E4-460F-9B0D-079EB6E5AE56}
		{2B75047B-1AFC-47DE-8B31-F1CF8AEC6E05} = {C425E959-8C95-47D6-8208-1AC6373E57ED}
		{929F585A-92B2-438D-A219-2D95BA5CCA55} = {DB6FD3CC-2392-4383-A768-778E9AA19E22}
		{5CC9B2D3-D43D-4A5F-BD96-9CED1876F6ED} = {DB6FD3CC-2392-4383-A768-778E9AA19E22}
		{5D794974-814A-4446-B7D1-9F2129729BD2} = {5CC9B2D3-D43D-4A5F-BD96-9CED1876F6ED}
		{A0453184-E060-4CC8-91DB-A1AEFAAC8A06} = {079B9A83-8AB7-4757-9404-CF611B512FC0}
		{8A890C24-5F18-4844-BC49-A584795E70A9} = {734673B8-6C4B-4489-AD52-268BEE2DDC04}
		{82BAAB86-3122-4473-93D0-FF4E32E8F51B} = {734673B8-6C4B-4489-AD52-268BEE2DDC04}
		{6769E8C1-6D63-42DD-A1C4-1D77A3B7970D} = {A0453184-E060-4CC8-91DB-A1AEFAAC8A06}
		{50AFDF73-735C-48DD-B197-415C0B9992FA} = {929F585A-92B2-438D-A219-2D95BA5CCA55}
		{C2B0E14E-4547-4A6F-87EC-27F1F97188FF} = {929F585A-92B2-438D-A219-2D95BA5CCA55}
		{F6839200-44FF-48F9-AF0F-0A2AA64B9116} = {929F585A-92B2-438D-A219-2D95BA5CCA55}
	EndGlobalSection
	GlobalSection(ExtensibilityGlobals) = postSolution
		SolutionGuid = {D9910F84-F791-4753-8A02-193B05CB3472}
	EndGlobalSection
EndGlobal
